
Microsoft Visual Studio Solution File, Format Version 12.00
# Visual Studio Version 17
VisualStudioVersion = 17.3.32811.315
MinimumVisualStudioVersion = 10.0.40219.1
Project("{FAE04EC0-301F-11D3-BF4B-00C04F79EFBC}") = "Izpit1izr", "Izpit1izr\Izpit1izr.csproj", "{6CEB13BD-7C0C-46F9-9ABC-90843B943413}"
EndProject
Global
	GlobalSection(SolutionConfigurationPlatforms) = preSolution
		Debug|Any CPU = Debug|Any CPU
		Release|Any CPU = Release|Any CPU
	EndGlobalSection
	GlobalSection(ProjectConfigurationPlatforms) = postSolution
		{6CEB13BD-7C0C-46F9-9ABC-90843B943413}.Debug|Any CPU.ActiveCfg = Debug|Any CPU
		{6CEB13BD-7C0C-46F9-9ABC-90843B943413}.Debug|Any CPU.Build.0 = Debug|Any CPU
		{6CEB13BD-7C0C-46F9-9ABC-90843B943413}.Release|Any CPU.ActiveCfg = Release|Any CPU
		{6CEB13BD-7C0C-46F9-9ABC-90843B943413}.Release|Any CPU.Build.0 = Release|Any CPU
	EndGlobalSection
	GlobalSection(SolutionProperties) = preSolution
		HideSolutionNode = FALSE
	EndGlobalSection
	GlobalSection(ExtensibilityGlobals) = postSolution
		SolutionGuid = {CF67497D-58FC-4754-845C-3207876B95CA}
	EndGlobalSection
EndGlobal
